// !$*UTF8*$!
{
	archiveVersion = 1;
	classes = {
	};
	objectVersion = 46;
	objects = {

/* Begin PBXBuildFile section */
		C827E9591AF7C0A800D28A72 /* AppDelegate.swift in Sources */ = {isa = PBXBuildFile; fileRef = C827E9581AF7C0A800D28A72 /* AppDelegate.swift */; };
		C827E95B1AF7C0A800D28A72 /* ViewController.swift in Sources */ = {isa = PBXBuildFile; fileRef = C827E95A1AF7C0A800D28A72 /* ViewController.swift */; };
		C827E95E1AF7C0A800D28A72 /* Main.storyboard in Resources */ = {isa = PBXBuildFile; fileRef = C827E95C1AF7C0A800D28A72 /* Main.storyboard */; };
		C827E9601AF7C0A800D28A72 /* Images.xcassets in Resources */ = {isa = PBXBuildFile; fileRef = C827E95F1AF7C0A800D28A72 /* Images.xcassets */; };
		C827E9631AF7C0A800D28A72 /* LaunchScreen.xib in Resources */ = {isa = PBXBuildFile; fileRef = C827E9611AF7C0A800D28A72 /* LaunchScreen.xib */; };
		C827E96F1AF7C0A800D28A72 /* HomeMeasurmentTests.swift in Sources */ = {isa = PBXBuildFile; fileRef = C827E96E1AF7C0A800D28A72 /* HomeMeasurmentTests.swift */; };
/* End PBXBuildFile section */

/* Begin PBXContainerItemProxy section */
		C827E9691AF7C0A800D28A72 /* PBXContainerItemProxy */ = {
			isa = PBXContainerItemProxy;
			containerPortal = C827E94B1AF7C0A800D28A72 /* Project object */;
			proxyType = 1;
			remoteGlobalIDString = C827E9521AF7C0A800D28A72;
			remoteInfo = HomeMeasurment;
		};
/* End PBXContainerItemProxy section */

/* Begin PBXFileReference section */
		C827E9531AF7C0A800D28A72 /* HomeMeasurment.app */ = {isa = PBXFileReference; explicitFileType = wrapper.application; includeInIndex = 0; path = HomeMeasurment.app; sourceTree = BUILT_PRODUCTS_DIR; };
		C827E9571AF7C0A800D28A72 /* Info.plist */ = {isa = PBXFileReference; lastKnownFileType = text.plist.xml; path = Info.plist; sourceTree = "<group>"; };
		C827E9581AF7C0A800D28A72 /* AppDelegate.swift */ = {isa = PBXFileReference; lastKnownFileType = sourcecode.swift; path = AppDelegate.swift; sourceTree = "<group>"; };
		C827E95A1AF7C0A800D28A72 /* ViewController.swift */ = {isa = PBXFileReference; lastKnownFileType = sourcecode.swift; path = ViewController.swift; sourceTree = "<group>"; };
		C827E95D1AF7C0A800D28A72 /* Base */ = {isa = PBXFileReference; lastKnownFileType = file.storyboard; name = Base; path = Base.lproj/Main.storyboard; sourceTree = "<group>"; };
		C827E95F1AF7C0A800D28A72 /* Images.xcassets */ = {isa = PBXFileReference; lastKnownFileType = folder.assetcatalog; path = Images.xcassets; sourceTree = "<group>"; };
		C827E9621AF7C0A800D28A72 /* Base */ = {isa = PBXFileReference; lastKnownFileType = file.xib; name = Base; path = Base.lproj/LaunchScreen.xib; sourceTree = "<group>"; };
		C827E9681AF7C0A800D28A72 /* HomeMeasurmentTests.xctest */ = {isa = PBXFileReference; explicitFileType = wrapper.cfbundle; includeInIndex = 0; path = HomeMeasurmentTests.xctest; sourceTree = BUILT_PRODUCTS_DIR; };
		C827E96D1AF7C0A800D28A72 /* Info.plist */ = {isa = PBXFileReference; lastKnownFileType = text.plist.xml; path = Info.plist; sourceTree = "<group>"; };
		C827E96E1AF7C0A800D28A72 /* HomeMeasurmentTests.swift */ = {isa = PBXFileReference; lastKnownFileType = sourcecode.swift; path = HomeMeasurmentTests.swift; sourceTree = "<group>"; };
/* End PBXFileReference section */

/* Begin PBXFrameworksBuildPhase section */
		C827E9501AF7C0A800D28A72 /* Frameworks */ = {
			isa = PBXFrameworksBuildPhase;
			buildActionMask = 2147483647;
			files = (
			);
			runOnlyForDeploymentPostprocessing = 0;
		};
		C827E9651AF7C0A800D28A72 /* Frameworks */ = {
			isa = PBXFrameworksBuildPhase;
			buildActionMask = 2147483647;
			files = (
			);
			runOnlyForDeploymentPostprocessing = 0;
		};
/* End PBXFrameworksBuildPhase section */

/* Begin PBXGroup section */
		C827E94A1AF7C0A800D28A72 = {
			isa = PBXGroup;
			children = (
				C827E9551AF7C0A800D28A72 /* HomeMeasurment */,
				C827E96B1AF7C0A800D28A72 /* HomeMeasurmentTests */,
				C827E9541AF7C0A800D28A72 /* Products */,
			);
			sourceTree = "<group>";
		};
		C827E9541AF7C0A800D28A72 /* Products */ = {
			isa = PBXGroup;
			children = (
				C827E9531AF7C0A800D28A72 /* HomeMeasurment.app */,
				C827E9681AF7C0A800D28A72 /* HomeMeasurmentTests.xctest */,
			);
			name = Products;
			sourceTree = "<group>";
		};
		C827E9551AF7C0A800D28A72 /* HomeMeasurment */ = {
			isa = PBXGroup;
			children = (
				C827E9581AF7C0A800D28A72 /* AppDelegate.swift */,
				C827E95A1AF7C0A800D28A72 /* ViewController.swift */,
				C827E95C1AF7C0A800D28A72 /* Main.storyboard */,
				C827E95F1AF7C0A800D28A72 /* Images.xcassets */,
				C827E9611AF7C0A800D28A72 /* LaunchScreen.xib */,
				C827E9561AF7C0A800D28A72 /* Supporting Files */,
			);
			path = HomeMeasurment;
			sourceTree = "<group>";
		};
		C827E9561AF7C0A800D28A72 /* Supporting Files */ = {
			isa = PBXGroup;
			children = (
				C827E9571AF7C0A800D28A72 /* Info.plist */,
			);
			name = "Supporting Files";
			sourceTree = "<group>";
		};
		C827E96B1AF7C0A800D28A72 /* HomeMeasurmentTests */ = {
			isa = PBXGroup;
			children = (
				C827E96E1AF7C0A800D28A72 /* HomeMeasurmentTests.swift */,
				C827E96C1AF7C0A800D28A72 /* Supporting Files */,
			);
			path = HomeMeasurmentTests;
			sourceTree = "<group>";
		};
		C827E96C1AF7C0A800D28A72 /* Supporting Files */ = {
			isa = PBXGroup;
			children = (
				C827E96D1AF7C0A800D28A72 /* Info.plist */,
			);
			name = "Supporting Files";
			sourceTree = "<group>";
		};
/* End PBXGroup section */

/* Begin PBXNativeTarget section */
		C827E9521AF7C0A800D28A72 /* HomeMeasurment */ = {
			isa = PBXNativeTarget;
			buildConfigurationList = C827E9721AF7C0A800D28A72 /* Build configuration list for PBXNativeTarget "HomeMeasurment" */;
			buildPhases = (
				C827E94F1AF7C0A800D28A72 /* Sources */,
				C827E9501AF7C0A800D28A72 /* Frameworks */,
				C827E9511AF7C0A800D28A72 /* Resources */,
			);
			buildRules = (
			);
			dependencies = (
			);
			name = HomeMeasurment;
			productName = HomeMeasurment;
			productReference = C827E9531AF7C0A800D28A72 /* HomeMeasurment.app */;
			productType = "com.apple.product-type.application";
		};
		C827E9671AF7C0A800D28A72 /* HomeMeasurmentTests */ = {
			isa = PBXNativeTarget;
			buildConfigurationList = C827E9751AF7C0A800D28A72 /* Build configuration list for PBXNativeTarget "HomeMeasurmentTests" */;
			buildPhases = (
				C827E9641AF7C0A800D28A72 /* Sources */,
				C827E9651AF7C0A800D28A72 /* Frameworks */,
				C827E9661AF7C0A800D28A72 /* Resources */,
			);
			buildRules = (
			);
			dependencies = (
				C827E96A1AF7C0A800D28A72 /* PBXTargetDependency */,
			);
			name = HomeMeasurmentTests;
			productName = HomeMeasurmentTests;
			productReference = C827E9681AF7C0A800D28A72 /* HomeMeasurmentTests.xctest */;
			productType = "com.apple.product-type.bundle.unit-test";
		};
/* End PBXNativeTarget section */

/* Begin PBXProject section */
		C827E94B1AF7C0A800D28A72 /* Project object */ = {
			isa = PBXProject;
			attributes = {
				LastUpgradeCheck = 0630;
				ORGANIZATIONNAME = "Patrick Noordermeer";
				TargetAttributes = {
					C827E9521AF7C0A800D28A72 = {
						CreatedOnToolsVersion = 6.3.1;
					};
					C827E9671AF7C0A800D28A72 = {
						CreatedOnToolsVersion = 6.3.1;
						TestTargetID = C827E9521AF7C0A800D28A72;
					};
				};
			};
			buildConfigurationList = C827E94E1AF7C0A800D28A72 /* Build configuration list for PBXProject "HomeMeasurment" */;
			compatibilityVersion = "Xcode 3.2";
			developmentRegion = English;
			hasScannedForEncodings = 0;
			knownRegions = (
				en,
				Base,
			);
			mainGroup = C827E94A1AF7C0A800D28A72;
			productRefGroup = C827E9541AF7C0A800D28A72 /* Products */;
			projectDirPath = "";
			projectRoot = "";
			targets = (
				C827E9521AF7C0A800D28A72 /* HomeMeasurment */,
				C827E9671AF7C0A800D28A72 /* HomeMeasurmentTests */,
			);
		};
/* End PBXProject section */

/* Begin PBXResourcesBuildPhase section */
		C827E9511AF7C0A800D28A72 /* Resources */ = {
			isa = PBXResourcesBuildPhase;
			buildActionMask = 2147483647;
			files = (
				C827E95E1AF7C0A800D28A72 /* Main.storyboard in Resources */,
				C827E9631AF7C0A800D28A72 /* LaunchScreen.xib in Resources */,
				C827E9601AF7C0A800D28A72 /* Images.xcassets in Resources */,
			);
			runOnlyForDeploymentPostprocessing = 0;
		};
		C827E9661AF7C0A800D28A72 /* Resources */ = {
			isa = PBXResourcesBuildPhase;
			buildActionMask = 2147483647;
			files = (
			);
			runOnlyForDeploymentPostprocessing = 0;
		};
/* End PBXResourcesBuildPhase section */

/* Begin PBXSourcesBuildPhase section */
		C827E94F1AF7C0A800D28A72 /* Sources */ = {
			isa = PBXSourcesBuildPhase;
			buildActionMask = 2147483647;
			files = (
				C827E95B1AF7C0A800D28A72 /* ViewController.swift in Sources */,
				C827E9591AF7C0A800D28A72 /* AppDelegate.swift in Sources */,
			);
			runOnlyForDeploymentPostprocessing = 0;
		};
		C827E9641AF7C0A800D28A72 /* Sources */ = {
			isa = PBXSourcesBuildPhase;
			buildActionMask = 2147483647;
			files = (
				C827E96F1AF7C0A800D28A72 /* HomeMeasurmentTests.swift in Sources */,
			);
			runOnlyForDeploymentPostprocessing = 0;
		};
/* End PBXSourcesBuildPhase section */

/* Begin PBXTargetDependency section */
		C827E96A1AF7C0A800D28A72 /* PBXTargetDependency */ = {
			isa = PBXTargetDependency;
			target = C827E9521AF7C0A800D28A72 /* HomeMeasurment */;
			targetProxy = C827E9691AF7C0A800D28A72 /* PBXContainerItemProxy */;
		};
/* End PBXTargetDependency section */

/* Begin PBXVariantGroup section */
		C827E95C1AF7C0A800D28A72 /* Main.storyboard */ = {
			isa = PBXVariantGroup;
			children = (
				C827E95D1AF7C0A800D28A72 /* Base */,
			);
			name = Main.storyboard;
			sourceTree = "<group>";
		};
		C827E9611AF7C0A800D28A72 /* LaunchScreen.xib */ = {
			isa = PBXVariantGroup;
			children = (
				C827E9621AF7C0A800D28A72 /* Base */,
			);
			name = LaunchScreen.xib;
			sourceTree = "<group>";
		};
/* End PBXVariantGroup section */

/* Begin XCBuildConfiguration section */
		C827E9701AF7C0A800D28A72 /* Debug */ = {
			isa = XCBuildConfiguration;
			buildSettings = {
				ALWAYS_SEARCH_USER_PATHS = NO;
				CLANG_CXX_LANGUAGE_STANDARD = "gnu++0x";
				CLANG_CXX_LIBRARY = "libc++";
				CLANG_ENABLE_MODULES = YES;
				CLANG_ENABLE_OBJC_ARC = YES;
				CLANG_WARN_BOOL_CONVERSION = YES;
				CLANG_WARN_CONSTANT_CONVERSION = YES;
				CLANG_WARN_DIRECT_OBJC_ISA_USAGE = YES_ERROR;
				CLANG_WARN_EMPTY_BODY = YES;
				CLANG_WARN_ENUM_CONVERSION = YES;
				CLANG_WARN_INT_CONVERSION = YES;
				CLANG_WARN_OBJC_ROOT_CLASS = YES_ERROR;
				CLANG_WARN_UNREACHABLE_CODE = YES;
				CLANG_WARN__DUPLICATE_METHOD_MATCH = YES;
				"CODE_SIGN_IDENTITY[sdk=iphoneos*]" = "iPhone Developer";
				COPY_PHASE_STRIP = NO;
				DEBUG_INFORMATION_FORMAT = "dwarf-with-dsym";
				ENABLE_STRICT_OBJC_MSGSEND = YES;
				GCC_C_LANGUAGE_STANDARD = gnu99;
				GCC_DYNAMIC_NO_PIC = NO;
				GCC_NO_COMMON_BLOCKS = YES;
				GCC_OPTIMIZATION_LEVEL = 0;
				GCC_PREPROCESSOR_DEFINITIONS = (
					"DEBUG=1",
					"$(inherited)",
				);
				GCC_SYMBOLS_PRIVATE_EXTERN = NO;
				GCC_WARN_64_TO_32_BIT_CONVERSION = YES;
				GCC_WARN_ABOUT_RETURN_TYPE = YES_ERROR;
				GCC_WARN_UNDECLARED_SELECTOR = YES;
				GCC_WARN_UNINITIALIZED_AUTOS = YES_AGGRESSIVE;
				GCC_WARN_UNUSED_FUNCTION = YES;
				GCC_WARN_UNUSED_VARIABLE = YES;
				IPHONEOS_DEPLOYMENT_TARGET = 8.3;
				MTL_ENABLE_DEBUG_INFO = YES;
				ONLY_ACTIVE_ARCH = YES;
				SDKROOT = iphoneos;
				SWIFT_OPTIMIZATION_LEVEL = "-Onone";
				TARGETED_DEVICE_FAMILY = "1,2";
			};
			name = Debug;
		};
		C827E9711AF7C0A800D28A72 /* Release */ = {
			isa = XCBuildConfiguration;
			buildSettings = {
				ALWAYS_SEARCH_USER_PATHS = NO;
				CLANG_CXX_LANGUAGE_STANDARD = "gnu++0x";
				CLANG_CXX_LIBRARY = "libc++";
				CLANG_ENABLE_MODULES = YES;
				CLANG_ENABLE_OBJC_ARC = YES;
				CLANG_WARN_BOOL_CONVERSION = YES;
				CLANG_WARN_CONSTANT_CONVERSION = YES;
				CLANG_WARN_DIRECT_OBJC_ISA_USAGE = YES_ERROR;
				CLANG_WARN_EMPTY_BODY = YES;
				CLANG_WARN_ENUM_CONVERSION = YES;
				CLANG_WARN_INT_CONVERSION = YES;
				CLANG_WARN_OBJC_ROOT_CLASS = YES_ERROR;
				CLANG_WARN_UNREACHABLE_CODE = YES;
				CLANG_WARN__DUPLICATE_METHOD_MATCH = YES;
				"CODE_SIGN_IDENTITY[sdk=iphoneos*]" = "iPhone Developer";
				COPY_PHASE_STRIP = NO;
				DEBUG_INFORMATION_FORMAT = "dwarf-with-dsym";
				ENABLE_NS_ASSERTIONS = NO;
				ENABLE_STRICT_OBJC_MSGSEND = YES;
				GCC_C_LANGUAGE_STANDARD = gnu99;
				GCC_NO_COMMON_BLOCKS = YES;
				GCC_WARN_64_TO_32_BIT_CONVERSION = YES;
				GCC_WARN_ABOUT_RETURN_TYPE = YES_ERROR;
				GCC_WARN_UNDECLARED_SELECTOR = YES;
				GCC_WARN_UNINITIALIZED_AUTOS = YES_AGGRESSIVE;
				GCC_WARN_UNUSED_FUNCTION = YES;
				GCC_WARN_UNUSED_VARIABLE = YES;
				IPHONEOS_DEPLOYMENT_TARGET = 8.3;
				MTL_ENABLE_DEBUG_INFO = NO;
				SDKROOT = iphoneos;
				TARGETED_DEVICE_FAMILY = "1,2";
				VALIDATE_PRODUCT = YES;
			};
			name = Release;
		};
		C827E9731AF7C0A800D28A72 /* Debug */ = {
			isa = XCBuildConfiguration;
			buildSettings = {
				ASSETCATALOG_COMPILER_APPICON_NAME = AppIcon;
				INFOPLIST_FILE = HomeMeasurment/Info.plist;
				LD_RUNPATH_SEARCH_PATHS = "$(inherited) @executable_path/Frameworks";
				PRODUCT_NAME = "$(TARGET_NAME)";
			};
			name = Debug;
		};
		C827E9741AF7C0A800D28A72 /* Release */ = {
			isa = XCBuildConfiguration;
			buildSettings = {
				ASSETCATALOG_COMPILER_APPICON_NAME = AppIcon;
				INFOPLIST_FILE = HomeMeasurment/Info.plist;
				LD_RUNPATH_SEARCH_PATHS = "$(inherited) @executable_path/Frameworks";
				PRODUCT_NAME = "$(TARGET_NAME)";
			};
			name = Release;
		};
		C827E9761AF7C0A800D28A72 /* Debug */ = {
			isa = XCBuildConfiguration;
			buildSettings = {
				BUNDLE_LOADER = "$(TEST_HOST)";
				FRAMEWORK_SEARCH_PATHS = (
					"$(SDKROOT)/Developer/Library/Frameworks",
					"$(inherited)",
				);
				GCC_PREPROCESSOR_DEFINITIONS = (
					"DEBUG=1",
					"$(inherited)",
				);
				INFOPLIST_FILE = HomeMeasurmentTests/Info.plist;
				LD_RUNPATH_SEARCH_PATHS = "$(inherited) @executable_path/Frameworks @loader_path/Frameworks";
				PRODUCT_NAME = "$(TARGET_NAME)";
				TEST_HOST = "$(BUILT_PRODUCTS_DIR)/HomeMeasurment.app/HomeMeasurment";
			};
			name = Debug;
		};
		C827E9771AF7C0A800D28A72 /* Release */ = {
			isa = XCBuildConfiguration;
			buildSettings = {
				BUNDLE_LOADER = "$(TEST_HOST)";
				FRAMEWORK_SEARCH_PATHS = (
					"$(SDKROOT)/Developer/Library/Frameworks",
					"$(inherited)",
				);
				INFOPLIST_FILE = HomeMeasurmentTests/Info.plist;
				LD_RUNPATH_SEARCH_PATHS = "$(inherited) @executable_path/Frameworks @loader_path/Frameworks";
				PRODUCT_NAME = "$(TARGET_NAME)";
				TEST_HOST = "$(BUILT_PRODUCTS_DIR)/HomeMeasurment.app/HomeMeasurment";
			};
			name = Release;
		};
/* End XCBuildConfiguration section */

/* Begin XCConfigurationList section */
		C827E94E1AF7C0A800D28A72 /* Build configuration list for PBXProject "HomeMeasurment" */ = {
			isa = XCConfigurationList;
			buildConfigurations = (
				C827E9701AF7C0A800D28A72 /* Debug */,
				C827E9711AF7C0A800D28A72 /* Release */,
			);
			defaultConfigurationIsVisible = 0;
			defaultConfigurationName = Release;
		};
		C827E9721AF7C0A800D28A72 /* Build configuration list for PBXNativeTarget "HomeMeasurment" */ = {
			isa = XCConfigurationList;
			buildConfigurations = (
				C827E9731AF7C0A800D28A72 /* Debug */,
				C827E9741AF7C0A800D28A72 /* Release */,
			);
			defaultConfigurationIsVisible = 0;
		};
		C827E9751AF7C0A800D28A72 /* Build configuration list for PBXNativeTarget "HomeMeasurmentTests" */ = {
			isa = XCConfigurationList;
			buildConfigurations = (
				C827E9761AF7C0A800D28A72 /* Debug */,
				C827E9771AF7C0A800D28A72 /* Release */,
			);
			defaultConfigurationIsVisible = 0;
		};
/* End XCConfigurationList section */
	};
	rootObject = C827E94B1AF7C0A800D28A72 /* Project object */;
}
